
Microsoft Visual Studio Solution File, Format Version 12.00
# Visual Studio Version 17
VisualStudioVersion = 17.13.35931.197 d17.13
MinimumVisualStudioVersion = 10.0.40219.1
Project("{8BC9CEB8-8B4A-11D0-8D11-00A0C91BC942}") = "LE2D_10Days", "LE2D_10Days\LE2D_10Days.vcxproj", "{37DB8B76-5EA4-4594-AE9E-161074D54968}"
EndProject
Global
	GlobalSection(SolutionConfigurationPlatforms) = preSolution
		Debug|x64 = Debug|x64
		Release|x64 = Release|x64
	EndGlobalSection
	GlobalSection(ProjectConfigurationPlatforms) = postSolution
		{37DB8B76-5EA4-4594-AE9E-161074D54968}.Debug|x64.ActiveCfg = Debug|x64
		{37DB8B76-5EA4-4594-AE9E-161074D54968}.Debug|x64.Build.0 = Debug|x64
		{37DB8B76-5EA4-4594-AE9E-161074D54968}.Release|x64.ActiveCfg = Release|x64
		{37DB8B76-5EA4-4594-AE9E-161074D54968}.Release|x64.Build.0 = Release|x64
	EndGlobalSection
	GlobalSection(SolutionProperties) = preSolution
		HideSolutionNode = FALSE
	EndGlobalSection
	GlobalSection(ExtensibilityGlobals) = postSolution
		SolutionGuid = {716DA0A2-E890-4909-9A56-3B003C5BB749}
	EndGlobalSection
EndGlobal
